Microsoft Visual Studio Solution File, Format Version 12.00
# Visual Studio Version 17
VisualStudioVersion = 17.0.31903.59
MinimumVisualStudioVersion = 10.0.40219.1
Project("{159641D6-6404-4A2A-AE62-294DE0FE8301}") = "Olist_ETL", "Olist_ETL.dtproj", "{7314DDBC-9A1B-4BE2-91FF-333A0BE87F8A}"
EndProject
Global
	GlobalSection(SolutionConfigurationPlatforms) = preSolution
		Development|Default = Development|Default
	EndGlobalSection
	GlobalSection(ProjectConfigurationPlatforms) = postSolution
		{7314DDBC-9A1B-4BE2-91FF-333A0BE87F8A}.Development|Default.ActiveCfg = Development
		{7314DDBC-9A1B-4BE2-91FF-333A0BE87F8A}.Development|Default.Build.0 = Development
	EndGlobalSection
	GlobalSection(SolutionProperties) = preSolution
		HideSolutionNode = FALSE
	EndGlobalSection
EndGlobal
